// !$*UTF8*$!
{
	archiveVersion = 1;
	classes = {
	};
	objectVersion = 56;
	objects = {

/* Begin PBXBuildFile section */
		8D1562EC2A076B100000F850 /* Game.swift in Sources */ = {isa = PBXBuildFile; fileRef = 8D1562EB2A076B100000F850 /* Game.swift */; };
		8D1562EE2A076B340000F850 /* IGDB_Item.swift in Sources */ = {isa = PBXBuildFile; fileRef = 8D1562ED2A076B340000F850 /* IGDB_Item.swift */; };
		8D1562F02A0772CC0000F850 /* IGDBRequest.swift in Sources */ = {isa = PBXBuildFile; fileRef = 8D1562EF2A0772CC0000F850 /* IGDBRequest.swift */; };
		8D2340D22A044578005A62A9 /* AppDelegate.swift in Sources */ = {isa = PBXBuildFile; fileRef = 8D2340D12A044578005A62A9 /* AppDelegate.swift */; };
		8D2340D42A044578005A62A9 /* SceneDelegate.swift in Sources */ = {isa = PBXBuildFile; fileRef = 8D2340D32A044578005A62A9 /* SceneDelegate.swift */; };
		8D2340D62A044578005A62A9 /* HomeViewController.swift in Sources */ = {isa = PBXBuildFile; fileRef = 8D2340D52A044578005A62A9 /* HomeViewController.swift */; };
		8D2340D92A044578005A62A9 /* Main.storyboard in Resources */ = {isa = PBXBuildFile; fileRef = 8D2340D72A044578005A62A9 /* Main.storyboard */; };
		8D2340DC2A044578005A62A9 /* VGameKeeper.xcdatamodeld in Sources */ = {isa = PBXBuildFile; fileRef = 8D2340DA2A044578005A62A9 /* VGameKeeper.xcdatamodeld */; };
		8D2340DE2A044579005A62A9 /* Assets.xcassets in Resources */ = {isa = PBXBuildFile; fileRef = 8D2340DD2A044579005A62A9 /* Assets.xcassets */; };
		8D2340E12A044579005A62A9 /* LaunchScreen.storyboard in Resources */ = {isa = PBXBuildFile; fileRef = 8D2340DF2A044579005A62A9 /* LaunchScreen.storyboard */; };
		8D28A7032A0AFF0F00C3D7C3 /* UIViewController+Alerts.swift in Sources */ = {isa = PBXBuildFile; fileRef = 8D28A7022A0AFF0F00C3D7C3 /* UIViewController+Alerts.swift */; };
		8D28A7052A0B03C000C3D7C3 /* GameDetailViewController.swift in Sources */ = {isa = PBXBuildFile; fileRef = 8D28A7042A0B03C000C3D7C3 /* GameDetailViewController.swift */; };
		8D28A7072A0B2A3A00C3D7C3 /* GameDetailViewModel.swift in Sources */ = {isa = PBXBuildFile; fileRef = 8D28A7062A0B2A3A00C3D7C3 /* GameDetailViewModel.swift */; };
		8D28A7092A0B2A6D00C3D7C3 /* GamePage.swift in Sources */ = {isa = PBXBuildFile; fileRef = 8D28A7082A0B2A6D00C3D7C3 /* GamePage.swift */; };
		8D28A70B2A0B4D4F00C3D7C3 /* IGDBUtilities.swift in Sources */ = {isa = PBXBuildFile; fileRef = 8D28A70A2A0B4D4F00C3D7C3 /* IGDBUtilities.swift */; };
		8D28A70D2A0B4ED600C3D7C3 /* FullGame.swift in Sources */ = {isa = PBXBuildFile; fileRef = 8D28A70C2A0B4ED600C3D7C3 /* FullGame.swift */; };
		8D6F760F2A0EBF2700015A1C /* GameSearchViewModel.swift in Sources */ = {isa = PBXBuildFile; fileRef = 8D6F760E2A0EBF2700015A1C /* GameSearchViewModel.swift */; };
		8D6F76112A0EC42300015A1C /* ViewModel.swift in Sources */ = {isa = PBXBuildFile; fileRef = 8D6F76102A0EC42300015A1C /* ViewModel.swift */; };
		8D74C6602A0590BF00E76443 /* IGDBAuth.swift in Sources */ = {isa = PBXBuildFile; fileRef = 8D74C65F2A0590BF00E76443 /* IGDBAuth.swift */; };
		8D74C6622A0599AF00E76443 /* IGDBConstants.swift in Sources */ = {isa = PBXBuildFile; fileRef = 8D74C6612A0599AF00E76443 /* IGDBConstants.swift */; };
		8D74C6652A05BAFE00E76443 /* TokenResponse.swift in Sources */ = {isa = PBXBuildFile; fileRef = 8D74C6642A05BAFE00E76443 /* TokenResponse.swift */; };
		8D74C6672A05CA7800E76443 /* IGDBManager.swift in Sources */ = {isa = PBXBuildFile; fileRef = 8D74C6662A05CA7800E76443 /* IGDBManager.swift */; };
		8D74C6692A05D06400E76443 /* IGDB-info.plist in Resources */ = {isa = PBXBuildFile; fileRef = 8D74C6682A05D06400E76443 /* IGDB-info.plist */; };
		8D74C66B2A061DCD00E76443 /* IGDBGameQuery.swift in Sources */ = {isa = PBXBuildFile; fileRef = 8D74C66A2A061DCD00E76443 /* IGDBGameQuery.swift */; };
		8D74C66D2A06339F00E76443 /* Realease.swift in Sources */ = {isa = PBXBuildFile; fileRef = 8D74C66C2A06339F00E76443 /* Realease.swift */; };
		8D7CE8712A09AF130096C330 /* Cover.swift in Sources */ = {isa = PBXBuildFile; fileRef = 8D7CE8702A09AF130096C330 /* Cover.swift */; };
		8D7CE8742A09C8550096C330 /* UIImageView+ImageFetch.swift in Sources */ = {isa = PBXBuildFile; fileRef = 8D7CE8732A09C8550096C330 /* UIImageView+ImageFetch.swift */; };
		8D7CE8772A0A25E60096C330 /* DiscoverCollectionViewCell.swift in Sources */ = {isa = PBXBuildFile; fileRef = 8D7CE8762A0A25E60096C330 /* DiscoverCollectionViewCell.swift */; };
		8D7CE8792A0A2A2D0096C330 /* DiscoverCollectionView.swift in Sources */ = {isa = PBXBuildFile; fileRef = 8D7CE8782A0A2A2D0096C330 /* DiscoverCollectionView.swift */; };
		8D7CE87C2A0A2EEF0096C330 /* DiscoverTableViewCell.swift in Sources */ = {isa = PBXBuildFile; fileRef = 8D7CE87B2A0A2EEF0096C330 /* DiscoverTableViewCell.swift */; };
		8DC0D6B82A0D821100BCF3C6 /* GameDetailHeaderCell.swift in Sources */ = {isa = PBXBuildFile; fileRef = 8DC0D6B72A0D821100BCF3C6 /* GameDetailHeaderCell.swift */; };
		8DC0D6BA2A0D822600BCF3C6 /* GameDetailTextCell.swift in Sources */ = {isa = PBXBuildFile; fileRef = 8DC0D6B92A0D822600BCF3C6 /* GameDetailTextCell.swift */; };
		8DC0D6BC2A0DF50300BCF3C6 /* GridSearchViewController.swift in Sources */ = {isa = PBXBuildFile; fileRef = 8DC0D6BB2A0DF50300BCF3C6 /* GridSearchViewController.swift */; };
		8DC0D6BF2A0E2B4F00BCF3C6 /* GameSearchReusableView.swift in Sources */ = {isa = PBXBuildFile; fileRef = 8DC0D6BE2A0E2B4F00BCF3C6 /* GameSearchReusableView.swift */; };
		8DE938852A08E1F6000920C0 /* DiscoverViewModel.swift in Sources */ = {isa = PBXBuildFile; fileRef = 8DE938842A08E1F5000920C0 /* DiscoverViewModel.swift */; };
		8DE9388A2A08E2A2000920C0 /* DiscoverModel.swift in Sources */ = {isa = PBXBuildFile; fileRef = 8DE938892A08E2A2000920C0 /* DiscoverModel.swift */; };
		8DE9388C2A08E344000920C0 /* FeaturedGame.swift in Sources */ = {isa = PBXBuildFile; fileRef = 8DE9388B2A08E344000920C0 /* FeaturedGame.swift */; };
/* End PBXBuildFile section */

/* Begin PBXFileReference section */
		8D1562EB2A076B100000F850 /* Game.swift */ = {isa = PBXFileReference; lastKnownFileType = sourcecode.swift; path = Game.swift; sourceTree = "<group>"; };
		8D1562ED2A076B340000F850 /* IGDB_Item.swift */ = {isa = PBXFileReference; lastKnownFileType = sourcecode.swift; path = IGDB_Item.swift; sourceTree = "<group>"; };
		8D1562EF2A0772CC0000F850 /* IGDBRequest.swift */ = {isa = PBXFileReference; lastKnownFileType = sourcecode.swift; path = IGDBRequest.swift; sourceTree = "<group>"; };
		8D2340CE2A044578005A62A9 /* VGameKeeper.app */ = {isa = PBXFileReference; explicitFileType = wrapper.application; includeInIndex = 0; path = VGameKeeper.app; sourceTree = BUILT_PRODUCTS_DIR; };
		8D2340D12A044578005A62A9 /* AppDelegate.swift */ = {isa = PBXFileReference; lastKnownFileType = sourcecode.swift; path = AppDelegate.swift; sourceTree = "<group>"; };
		8D2340D32A044578005A62A9 /* SceneDelegate.swift */ = {isa = PBXFileReference; lastKnownFileType = sourcecode.swift; path = SceneDelegate.swift; sourceTree = "<group>"; };
		8D2340D52A044578005A62A9 /* HomeViewController.swift */ = {isa = PBXFileReference; lastKnownFileType = sourcecode.swift; path = HomeViewController.swift; sourceTree = "<group>"; };
		8D2340D82A044578005A62A9 /* Base */ = {isa = PBXFileReference; lastKnownFileType = file.storyboard; name = Base; path = Base.lproj/Main.storyboard; sourceTree = "<group>"; };
		8D2340DB2A044578005A62A9 /* VGameKeeper.xcdatamodel */ = {isa = PBXFileReference; lastKnownFileType = wrapper.xcdatamodel; path = VGameKeeper.xcdatamodel; sourceTree = "<group>"; };
		8D2340DD2A044579005A62A9 /* Assets.xcassets */ = {isa = PBXFileReference; lastKnownFileType = folder.assetcatalog; path = Assets.xcassets; sourceTree = "<group>"; };
		8D2340E02A044579005A62A9 /* Base */ = {isa = PBXFileReference; lastKnownFileType = file.storyboard; name = Base; path = Base.lproj/LaunchScreen.storyboard; sourceTree = "<group>"; };
		8D2340E22A044579005A62A9 /* Info.plist */ = {isa = PBXFileReference; lastKnownFileType = text.plist.xml; path = Info.plist; sourceTree = "<group>"; };
		8D28A7022A0AFF0F00C3D7C3 /* UIViewController+Alerts.swift */ = {isa = PBXFileReference; lastKnownFileType = sourcecode.swift; path = "UIViewController+Alerts.swift"; sourceTree = "<group>"; };
		8D28A7042A0B03C000C3D7C3 /* GameDetailViewController.swift */ = {isa = PBXFileReference; lastKnownFileType = sourcecode.swift; path = GameDetailViewController.swift; sourceTree = "<group>"; };
		8D28A7062A0B2A3A00C3D7C3 /* GameDetailViewModel.swift */ = {isa = PBXFileReference; lastKnownFileType = sourcecode.swift; path = GameDetailViewModel.swift; sourceTree = "<group>"; };
		8D28A7082A0B2A6D00C3D7C3 /* GamePage.swift */ = {isa = PBXFileReference; lastKnownFileType = sourcecode.swift; path = GamePage.swift; sourceTree = "<group>"; };
		8D28A70A2A0B4D4F00C3D7C3 /* IGDBUtilities.swift */ = {isa = PBXFileReference; lastKnownFileType = sourcecode.swift; path = IGDBUtilities.swift; sourceTree = "<group>"; };
		8D28A70C2A0B4ED600C3D7C3 /* FullGame.swift */ = {isa = PBXFileReference; lastKnownFileType = sourcecode.swift; path = FullGame.swift; sourceTree = "<group>"; };
		8D6F760E2A0EBF2700015A1C /* GameSearchViewModel.swift */ = {isa = PBXFileReference; lastKnownFileType = sourcecode.swift; path = GameSearchViewModel.swift; sourceTree = "<group>"; };
		8D6F76102A0EC42300015A1C /* ViewModel.swift */ = {isa = PBXFileReference; lastKnownFileType = sourcecode.swift; path = ViewModel.swift; sourceTree = "<group>"; };
		8D74C65F2A0590BF00E76443 /* IGDBAuth.swift */ = {isa = PBXFileReference; lastKnownFileType = sourcecode.swift; path = IGDBAuth.swift; sourceTree = "<group>"; };
		8D74C6612A0599AF00E76443 /* IGDBConstants.swift */ = {isa = PBXFileReference; lastKnownFileType = sourcecode.swift; path = IGDBConstants.swift; sourceTree = "<group>"; };
		8D74C6642A05BAFE00E76443 /* TokenResponse.swift */ = {isa = PBXFileReference; lastKnownFileType = sourcecode.swift; path = TokenResponse.swift; sourceTree = "<group>"; };
		8D74C6662A05CA7800E76443 /* IGDBManager.swift */ = {isa = PBXFileReference; lastKnownFileType = sourcecode.swift; path = IGDBManager.swift; sourceTree = "<group>"; };
		8D74C6682A05D06400E76443 /* IGDB-info.plist */ = {isa = PBXFileReference; fileEncoding = 4; lastKnownFileType = text.plist.xml; path = "IGDB-info.plist"; sourceTree = "<group>"; };
		8D74C66A2A061DCD00E76443 /* IGDBGameQuery.swift */ = {isa = PBXFileReference; lastKnownFileType = sourcecode.swift; path = IGDBGameQuery.swift; sourceTree = "<group>"; };
		8D74C66C2A06339F00E76443 /* Realease.swift */ = {isa = PBXFileReference; lastKnownFileType = sourcecode.swift; path = Realease.swift; sourceTree = "<group>"; };
		8D7CE8702A09AF130096C330 /* Cover.swift */ = {isa = PBXFileReference; lastKnownFileType = sourcecode.swift; path = Cover.swift; sourceTree = "<group>"; };
		8D7CE8732A09C8550096C330 /* UIImageView+ImageFetch.swift */ = {isa = PBXFileReference; lastKnownFileType = sourcecode.swift; path = "UIImageView+ImageFetch.swift"; sourceTree = "<group>"; };
		8D7CE8762A0A25E60096C330 /* DiscoverCollectionViewCell.swift */ = {isa = PBXFileReference; lastKnownFileType = sourcecode.swift; path = DiscoverCollectionViewCell.swift; sourceTree = "<group>"; };
		8D7CE8782A0A2A2D0096C330 /* DiscoverCollectionView.swift */ = {isa = PBXFileReference; lastKnownFileType = sourcecode.swift; path = DiscoverCollectionView.swift; sourceTree = "<group>"; };
		8D7CE87B2A0A2EEF0096C330 /* DiscoverTableViewCell.swift */ = {isa = PBXFileReference; lastKnownFileType = sourcecode.swift; path = DiscoverTableViewCell.swift; sourceTree = "<group>"; };
		8DC0D6B72A0D821100BCF3C6 /* GameDetailHeaderCell.swift */ = {isa = PBXFileReference; lastKnownFileType = sourcecode.swift; path = GameDetailHeaderCell.swift; sourceTree = "<group>"; };
		8DC0D6B92A0D822600BCF3C6 /* GameDetailTextCell.swift */ = {isa = PBXFileReference; lastKnownFileType = sourcecode.swift; path = GameDetailTextCell.swift; sourceTree = "<group>"; };
		8DC0D6BB2A0DF50300BCF3C6 /* GridSearchViewController.swift */ = {isa = PBXFileReference; lastKnownFileType = sourcecode.swift; path = GridSearchViewController.swift; sourceTree = "<group>"; };
		8DC0D6BE2A0E2B4F00BCF3C6 /* GameSearchReusableView.swift */ = {isa = PBXFileReference; lastKnownFileType = sourcecode.swift; path = GameSearchReusableView.swift; sourceTree = "<group>"; };
		8DE938842A08E1F5000920C0 /* DiscoverViewModel.swift */ = {isa = PBXFileReference; lastKnownFileType = sourcecode.swift; path = DiscoverViewModel.swift; sourceTree = "<group>"; };
		8DE938892A08E2A2000920C0 /* DiscoverModel.swift */ = {isa = PBXFileReference; lastKnownFileType = sourcecode.swift; path = DiscoverModel.swift; sourceTree = "<group>"; };
		8DE9388B2A08E344000920C0 /* FeaturedGame.swift */ = {isa = PBXFileReference; lastKnownFileType = sourcecode.swift; path = FeaturedGame.swift; sourceTree = "<group>"; };
/* End PBXFileReference section */

/* Begin PBXFrameworksBuildPhase section */
		8D2340CB2A044578005A62A9 /* Frameworks */ = {
			isa = PBXFrameworksBuildPhase;
			buildActionMask = 2147483647;
			files = (
			);
			runOnlyForDeploymentPostprocessing = 0;
		};
/* End PBXFrameworksBuildPhase section */

/* Begin PBXGroup section */
		8D2340C52A044578005A62A9 = {
			isa = PBXGroup;
			children = (
				8D2340D02A044578005A62A9 /* VGameKeeper */,
				8D2340CF2A044578005A62A9 /* Products */,
			);
			sourceTree = "<group>";
		};
		8D2340CF2A044578005A62A9 /* Products */ = {
			isa = PBXGroup;
			children = (
				8D2340CE2A044578005A62A9 /* VGameKeeper.app */,
			);
			name = Products;
			sourceTree = "<group>";
		};
		8D2340D02A044578005A62A9 /* VGameKeeper */ = {
			isa = PBXGroup;
			children = (
				8D7CE8752A0A25720096C330 /* Custom Views */,
				8D7CE8722A09C7F20096C330 /* Extensions */,
				8DE938882A08E273000920C0 /* App Models */,
				8DE938872A08E228000920C0 /* View Controllers */,
				8DE938862A08E209000920C0 /* ViewModels */,
				8D74C65E2A05904400E76443 /* IGDB Services */,
				8D2340D12A044578005A62A9 /* AppDelegate.swift */,
				8D2340D32A044578005A62A9 /* SceneDelegate.swift */,
				8D2340D72A044578005A62A9 /* Main.storyboard */,
				8D2340DD2A044579005A62A9 /* Assets.xcassets */,
				8D2340DF2A044579005A62A9 /* LaunchScreen.storyboard */,
				8D2340E22A044579005A62A9 /* Info.plist */,
				8D2340DA2A044578005A62A9 /* VGameKeeper.xcdatamodeld */,
				8D74C6682A05D06400E76443 /* IGDB-info.plist */,
			);
			path = VGameKeeper;
			sourceTree = "<group>";
		};
		8D74C65E2A05904400E76443 /* IGDB Services */ = {
			isa = PBXGroup;
			children = (
				8D74C6632A05BAD700E76443 /* Models */,
				8D74C65F2A0590BF00E76443 /* IGDBAuth.swift */,
				8D74C6612A0599AF00E76443 /* IGDBConstants.swift */,
				8D74C6662A05CA7800E76443 /* IGDBManager.swift */,
				8D74C66A2A061DCD00E76443 /* IGDBGameQuery.swift */,
				8D1562EF2A0772CC0000F850 /* IGDBRequest.swift */,
				8D28A70A2A0B4D4F00C3D7C3 /* IGDBUtilities.swift */,
			);
			path = "IGDB Services";
			sourceTree = "<group>";
		};
		8D74C6632A05BAD700E76443 /* Models */ = {
			isa = PBXGroup;
			children = (
				8D74C6642A05BAFE00E76443 /* TokenResponse.swift */,
				8D74C66C2A06339F00E76443 /* Realease.swift */,
				8D1562EB2A076B100000F850 /* Game.swift */,
				8D1562ED2A076B340000F850 /* IGDB_Item.swift */,
				8D7CE8702A09AF130096C330 /* Cover.swift */,
				8D28A70C2A0B4ED600C3D7C3 /* FullGame.swift */,
			);
			path = Models;
			sourceTree = "<group>";
		};
		8D7CE8722A09C7F20096C330 /* Extensions */ = {
			isa = PBXGroup;
			children = (
				8D7CE8732A09C8550096C330 /* UIImageView+ImageFetch.swift */,
				8D28A7022A0AFF0F00C3D7C3 /* UIViewController+Alerts.swift */,
			);
			path = Extensions;
			sourceTree = "<group>";
		};
		8D7CE8752A0A25720096C330 /* Custom Views */ = {
			isa = PBXGroup;
			children = (
				8DC0D6BD2A0E2B2400BCF3C6 /* GameSearch */,
				8DC0D6B62A0D81CC00BCF3C6 /* GameDetail */,
				8D7CE87A2A0A2EBF0096C330 /* Discover */,
			);
			path = "Custom Views";
			sourceTree = "<group>";
		};
		8D7CE87A2A0A2EBF0096C330 /* Discover */ = {
			isa = PBXGroup;
			children = (
				8D7CE8762A0A25E60096C330 /* DiscoverCollectionViewCell.swift */,
				8D7CE8782A0A2A2D0096C330 /* DiscoverCollectionView.swift */,
				8D7CE87B2A0A2EEF0096C330 /* DiscoverTableViewCell.swift */,
			);
			path = Discover;
			sourceTree = "<group>";
		};
		8DC0D6B62A0D81CC00BCF3C6 /* GameDetail */ = {
			isa = PBXGroup;
			children = (
				8DC0D6B72A0D821100BCF3C6 /* GameDetailHeaderCell.swift */,
				8DC0D6B92A0D822600BCF3C6 /* GameDetailTextCell.swift */,
			);
			path = GameDetail;
			sourceTree = "<group>";
		};
		8DC0D6BD2A0E2B2400BCF3C6 /* GameSearch */ = {
			isa = PBXGroup;
			children = (
				8DC0D6BE2A0E2B4F00BCF3C6 /* GameSearchReusableView.swift */,
			);
			path = GameSearch;
			sourceTree = "<group>";
		};
		8DE938862A08E209000920C0 /* ViewModels */ = {
			isa = PBXGroup;
			children = (
				8DE938842A08E1F5000920C0 /* DiscoverViewModel.swift */,
				8D28A7062A0B2A3A00C3D7C3 /* GameDetailViewModel.swift */,
				8D6F760E2A0EBF2700015A1C /* GameSearchViewModel.swift */,
				8D6F76102A0EC42300015A1C /* ViewModel.swift */,
			);
			path = ViewModels;
			sourceTree = "<group>";
		};
		8DE938872A08E228000920C0 /* View Controllers */ = {
			isa = PBXGroup;
			children = (
				8D2340D52A044578005A62A9 /* HomeViewController.swift */,
				8D28A7042A0B03C000C3D7C3 /* GameDetailViewController.swift */,
				8DC0D6BB2A0DF50300BCF3C6 /* GridSearchViewController.swift */,
			);
			path = "View Controllers";
			sourceTree = "<group>";
		};
		8DE938882A08E273000920C0 /* App Models */ = {
			isa = PBXGroup;
			children = (
				8DE938892A08E2A2000920C0 /* DiscoverModel.swift */,
				8DE9388B2A08E344000920C0 /* FeaturedGame.swift */,
				8D28A7082A0B2A6D00C3D7C3 /* GamePage.swift */,
			);
			path = "App Models";
			sourceTree = "<group>";
		};
/* End PBXGroup section */

/* Begin PBXNativeTarget section */
		8D2340CD2A044578005A62A9 /* VGameKeeper */ = {
			isa = PBXNativeTarget;
			buildConfigurationList = 8D2340E52A044579005A62A9 /* Build configuration list for PBXNativeTarget "VGameKeeper" */;
			buildPhases = (
				8D2340CA2A044578005A62A9 /* Sources */,
				8D2340CB2A044578005A62A9 /* Frameworks */,
				8D2340CC2A044578005A62A9 /* Resources */,
			);
			buildRules = (
			);
			dependencies = (
			);
			name = VGameKeeper;
			productName = VGameKeeper;
			productReference = 8D2340CE2A044578005A62A9 /* VGameKeeper.app */;
			productType = "com.apple.product-type.application";
		};
/* End PBXNativeTarget section */

/* Begin PBXProject section */
		8D2340C62A044578005A62A9 /* Project object */ = {
			isa = PBXProject;
			attributes = {
				BuildIndependentTargetsInParallel = 1;
				LastSwiftUpdateCheck = 1430;
				LastUpgradeCheck = 1430;
				TargetAttributes = {
					8D2340CD2A044578005A62A9 = {
						CreatedOnToolsVersion = 14.3;
					};
				};
			};
			buildConfigurationList = 8D2340C92A044578005A62A9 /* Build configuration list for PBXProject "VGameKeeper" */;
			compatibilityVersion = "Xcode 14.0";
			developmentRegion = en;
			hasScannedForEncodings = 0;
			knownRegions = (
				en,
				Base,
			);
			mainGroup = 8D2340C52A044578005A62A9;
			productRefGroup = 8D2340CF2A044578005A62A9 /* Products */;
			projectDirPath = "";
			projectRoot = "";
			targets = (
				8D2340CD2A044578005A62A9 /* VGameKeeper */,
			);
		};
/* End PBXProject section */

/* Begin PBXResourcesBuildPhase section */
		8D2340CC2A044578005A62A9 /* Resources */ = {
			isa = PBXResourcesBuildPhase;
			buildActionMask = 2147483647;
			files = (
				8D74C6692A05D06400E76443 /* IGDB-info.plist in Resources */,
				8D2340E12A044579005A62A9 /* LaunchScreen.storyboard in Resources */,
				8D2340DE2A044579005A62A9 /* Assets.xcassets in Resources */,
				8D2340D92A044578005A62A9 /* Main.storyboard in Resources */,
			);
			runOnlyForDeploymentPostprocessing = 0;
		};
/* End PBXResourcesBuildPhase section */

/* Begin PBXSourcesBuildPhase section */
		8D2340CA2A044578005A62A9 /* Sources */ = {
			isa = PBXSourcesBuildPhase;
			buildActionMask = 2147483647;
			files = (
				8D28A70D2A0B4ED600C3D7C3 /* FullGame.swift in Sources */,
				8D7CE8772A0A25E60096C330 /* DiscoverCollectionViewCell.swift in Sources */,
				8D28A7032A0AFF0F00C3D7C3 /* UIViewController+Alerts.swift in Sources */,
				8DE9388A2A08E2A2000920C0 /* DiscoverModel.swift in Sources */,
				8DC0D6BC2A0DF50300BCF3C6 /* GridSearchViewController.swift in Sources */,
				8D74C66B2A061DCD00E76443 /* IGDBGameQuery.swift in Sources */,
				8D74C66D2A06339F00E76443 /* Realease.swift in Sources */,
				8D2340DC2A044578005A62A9 /* VGameKeeper.xcdatamodeld in Sources */,
				8D7CE87C2A0A2EEF0096C330 /* DiscoverTableViewCell.swift in Sources */,
				8DE938852A08E1F6000920C0 /* DiscoverViewModel.swift in Sources */,
				8D28A70B2A0B4D4F00C3D7C3 /* IGDBUtilities.swift in Sources */,
				8D2340D62A044578005A62A9 /* HomeViewController.swift in Sources */,
				8D74C6602A0590BF00E76443 /* IGDBAuth.swift in Sources */,
				8D7CE8712A09AF130096C330 /* Cover.swift in Sources */,
				8D7CE8792A0A2A2D0096C330 /* DiscoverCollectionView.swift in Sources */,
				8DE9388C2A08E344000920C0 /* FeaturedGame.swift in Sources */,
				8D6F760F2A0EBF2700015A1C /* GameSearchViewModel.swift in Sources */,
				8DC0D6B82A0D821100BCF3C6 /* GameDetailHeaderCell.swift in Sources */,
				8D28A7072A0B2A3A00C3D7C3 /* GameDetailViewModel.swift in Sources */,
				8D74C6622A0599AF00E76443 /* IGDBConstants.swift in Sources */,
				8DC0D6BF2A0E2B4F00BCF3C6 /* GameSearchReusableView.swift in Sources */,
				8D1562EE2A076B340000F850 /* IGDB_Item.swift in Sources */,
				8D1562EC2A076B100000F850 /* Game.swift in Sources */,
				8D1562F02A0772CC0000F850 /* IGDBRequest.swift in Sources */,
				8D7CE8742A09C8550096C330 /* UIImageView+ImageFetch.swift in Sources */,
				8D6F76112A0EC42300015A1C /* ViewModel.swift in Sources */,
				8D28A7052A0B03C000C3D7C3 /* GameDetailViewController.swift in Sources */,
				8D28A7092A0B2A6D00C3D7C3 /* GamePage.swift in Sources */,
				8D74C6652A05BAFE00E76443 /* TokenResponse.swift in Sources */,
				8D74C6672A05CA7800E76443 /* IGDBManager.swift in Sources */,
				8DC0D6BA2A0D822600BCF3C6 /* GameDetailTextCell.swift in Sources */,
				8D2340D22A044578005A62A9 /* AppDelegate.swift in Sources */,
				8D2340D42A044578005A62A9 /* SceneDelegate.swift in Sources */,
			);
			runOnlyForDeploymentPostprocessing = 0;
		};
/* End PBXSourcesBuildPhase section */

/* Begin PBXVariantGroup section */
		8D2340D72A044578005A62A9 /* Main.storyboard */ = {
			isa = PBXVariantGroup;
			children = (
				8D2340D82A044578005A62A9 /* Base */,
			);
			name = Main.storyboard;
			sourceTree = "<group>";
		};
		8D2340DF2A044579005A62A9 /* LaunchScreen.storyboard */ = {
			isa = PBXVariantGroup;
			children = (
				8D2340E02A044579005A62A9 /* Base */,
			);
			name = LaunchScreen.storyboard;
			sourceTree = "<group>";
		};
/* End PBXVariantGroup section */

/* Begin XCBuildConfiguration section */
		8D2340E32A044579005A62A9 /* Debug */ = {
			isa = XCBuildConfiguration;
			buildSettings = {
				ALWAYS_SEARCH_USER_PATHS = NO;
				CLANG_ANALYZER_NONNULL = YES;
				CLANG_ANALYZER_NUMBER_OBJECT_CONVERSION = YES_AGGRESSIVE;
				CLANG_CXX_LANGUAGE_STANDARD = "gnu++20";
				CLANG_ENABLE_MODULES = YES;
				CLANG_ENABLE_OBJC_ARC = YES;
				CLANG_ENABLE_OBJC_WEAK = YES;
				CLANG_WARN_BLOCK_CAPTURE_AUTORELEASING = YES;
				CLANG_WARN_BOOL_CONVERSION = YES;
				CLANG_WARN_COMMA = YES;
				CLANG_WARN_CONSTANT_CONVERSION = YES;
				CLANG_WARN_DEPRECATED_OBJC_IMPLEMENTATIONS = YES;
				CLANG_WARN_DIRECT_OBJC_ISA_USAGE = YES_ERROR;
				CLANG_WARN_DOCUMENTATION_COMMENTS = YES;
				CLANG_WARN_EMPTY_BODY = YES;
				CLANG_WARN_ENUM_CONVERSION = YES;
				CLANG_WARN_INFINITE_RECURSION = YES;
				CLANG_WARN_INT_CONVERSION = YES;
				CLANG_WARN_NON_LITERAL_NULL_CONVERSION = YES;
				CLANG_WARN_OBJC_IMPLICIT_RETAIN_SELF = YES;
				CLANG_WARN_OBJC_LITERAL_CONVERSION = YES;
				CLANG_WARN_OBJC_ROOT_CLASS = YES_ERROR;
				CLANG_WARN_QUOTED_INCLUDE_IN_FRAMEWORK_HEADER = YES;
				CLANG_WARN_RANGE_LOOP_ANALYSIS = YES;
				CLANG_WARN_STRICT_PROTOTYPES = YES;
				CLANG_WARN_SUSPICIOUS_MOVE = YES;
				CLANG_WARN_UNGUARDED_AVAILABILITY = YES_AGGRESSIVE;
				CLANG_WARN_UNREACHABLE_CODE = YES;
				CLANG_WARN__DUPLICATE_METHOD_MATCH = YES;
				COPY_PHASE_STRIP = NO;
				DEBUG_INFORMATION_FORMAT = dwarf;
				ENABLE_STRICT_OBJC_MSGSEND = YES;
				ENABLE_TESTABILITY = YES;
				GCC_C_LANGUAGE_STANDARD = gnu11;
				GCC_DYNAMIC_NO_PIC = NO;
				GCC_NO_COMMON_BLOCKS = YES;
				GCC_OPTIMIZATION_LEVEL = 0;
				GCC_PREPROCESSOR_DEFINITIONS = (
					"DEBUG=1",
					"$(inherited)",
				);
				GCC_WARN_64_TO_32_BIT_CONVERSION = YES;
				GCC_WARN_ABOUT_RETURN_TYPE = YES_ERROR;
				GCC_WARN_UNDECLARED_SELECTOR = YES;
				GCC_WARN_UNINITIALIZED_AUTOS = YES_AGGRESSIVE;
				GCC_WARN_UNUSED_FUNCTION = YES;
				GCC_WARN_UNUSED_VARIABLE = YES;
				IPHONEOS_DEPLOYMENT_TARGET = 16.4;
				MTL_ENABLE_DEBUG_INFO = INCLUDE_SOURCE;
				MTL_FAST_MATH = YES;
				ONLY_ACTIVE_ARCH = YES;
				SDKROOT = iphoneos;
				SWIFT_ACTIVE_COMPILATION_CONDITIONS = DEBUG;
				SWIFT_OPTIMIZATION_LEVEL = "-Onone";
			};
			name = Debug;
		};
		8D2340E42A044579005A62A9 /* Release */ = {
			isa = XCBuildConfiguration;
			buildSettings = {
				ALWAYS_SEARCH_USER_PATHS = NO;
				CLANG_ANALYZER_NONNULL = YES;
				CLANG_ANALYZER_NUMBER_OBJECT_CONVERSION = YES_AGGRESSIVE;
				CLANG_CXX_LANGUAGE_STANDARD = "gnu++20";
				CLANG_ENABLE_MODULES = YES;
				CLANG_ENABLE_OBJC_ARC = YES;
				CLANG_ENABLE_OBJC_WEAK = YES;
				CLANG_WARN_BLOCK_CAPTURE_AUTORELEASING = YES;
				CLANG_WARN_BOOL_CONVERSION = YES;
				CLANG_WARN_COMMA = YES;
				CLANG_WARN_CONSTANT_CONVERSION = YES;
				CLANG_WARN_DEPRECATED_OBJC_IMPLEMENTATIONS = YES;
				CLANG_WARN_DIRECT_OBJC_ISA_USAGE = YES_ERROR;
				CLANG_WARN_DOCUMENTATION_COMMENTS = YES;
				CLANG_WARN_EMPTY_BODY = YES;
				CLANG_WARN_ENUM_CONVERSION = YES;
				CLANG_WARN_INFINITE_RECURSION = YES;
				CLANG_WARN_INT_CONVERSION = YES;
				CLANG_WARN_NON_LITERAL_NULL_CONVERSION = YES;
				CLANG_WARN_OBJC_IMPLICIT_RETAIN_SELF = YES;
				CLANG_WARN_OBJC_LITERAL_CONVERSION = YES;
				CLANG_WARN_OBJC_ROOT_CLASS = YES_ERROR;
				CLANG_WARN_QUOTED_INCLUDE_IN_FRAMEWORK_HEADER = YES;
				CLANG_WARN_RANGE_LOOP_ANALYSIS = YES;
				CLANG_WARN_STRICT_PROTOTYPES = YES;
				CLANG_WARN_SUSPICIOUS_MOVE = YES;
				CLANG_WARN_UNGUARDED_AVAILABILITY = YES_AGGRESSIVE;
				CLANG_WARN_UNREACHABLE_CODE = YES;
				CLANG_WARN__DUPLICATE_METHOD_MATCH = YES;
				COPY_PHASE_STRIP = NO;
				DEBUG_INFORMATION_FORMAT = "dwarf-with-dsym";
				ENABLE_NS_ASSERTIONS = NO;
				ENABLE_STRICT_OBJC_MSGSEND = YES;
				GCC_C_LANGUAGE_STANDARD = gnu11;
				GCC_NO_COMMON_BLOCKS = YES;
				GCC_WARN_64_TO_32_BIT_CONVERSION = YES;
				GCC_WARN_ABOUT_RETURN_TYPE = YES_ERROR;
				GCC_WARN_UNDECLARED_SELECTOR = YES;
				GCC_WARN_UNINITIALIZED_AUTOS = YES_AGGRESSIVE;
				GCC_WARN_UNUSED_FUNCTION = YES;
				GCC_WARN_UNUSED_VARIABLE = YES;
				IPHONEOS_DEPLOYMENT_TARGET = 16.4;
				MTL_ENABLE_DEBUG_INFO = NO;
				MTL_FAST_MATH = YES;
				SDKROOT = iphoneos;
				SWIFT_COMPILATION_MODE = wholemodule;
				SWIFT_OPTIMIZATION_LEVEL = "-O";
				VALIDATE_PRODUCT = YES;
			};
			name = Release;
		};
		8D2340E62A044579005A62A9 /* Debug */ = {
			isa = XCBuildConfiguration;
			buildSettings = {
				ASSETCATALOG_COMPILER_APPICON_NAME = AppIcon;
				ASSETCATALOG_COMPILER_GLOBAL_ACCENT_COLOR_NAME = AccentColor;
				CODE_SIGN_STYLE = Automatic;
				CURRENT_PROJECT_VERSION = 1;
				DEVELOPMENT_TEAM = XZZ74444UP;
				GENERATE_INFOPLIST_FILE = YES;
				INFOPLIST_FILE = VGameKeeper/Info.plist;
				INFOPLIST_KEY_UIApplicationSupportsIndirectInputEvents = YES;
				INFOPLIST_KEY_UILaunchStoryboardName = LaunchScreen;
				INFOPLIST_KEY_UIMainStoryboardFile = Main;
				INFOPLIST_KEY_UISupportedInterfaceOrientations_iPad = "UIInterfaceOrientationPortrait UIInterfaceOrientationPortraitUpsideDown UIInterfaceOrientationLandscapeLeft UIInterfaceOrientationLandscapeRight";
				INFOPLIST_KEY_UISupportedInterfaceOrientations_iPhone = "UIInterfaceOrientationPortrait UIInterfaceOrientationLandscapeLeft UIInterfaceOrientationLandscapeRight";
				LD_RUNPATH_SEARCH_PATHS = (
					"$(inherited)",
					"@executable_path/Frameworks",
				);
				MARKETING_VERSION = 1.0;
				PRODUCT_BUNDLE_IDENTIFIER = com.mgl.VGameKeeper;
				PRODUCT_NAME = "$(TARGET_NAME)";
				SWIFT_EMIT_LOC_STRINGS = YES;
				SWIFT_VERSION = 5.0;
				TARGETED_DEVICE_FAMILY = "1,2";
			};
			name = Debug;
		};
		8D2340E72A044579005A62A9 /* Release */ = {
			isa = XCBuildConfiguration;
			buildSettings = {
				ASSETCATALOG_COMPILER_APPICON_NAME = AppIcon;
				ASSETCATALOG_COMPILER_GLOBAL_ACCENT_COLOR_NAME = AccentColor;
				CODE_SIGN_STYLE = Automatic;
				CURRENT_PROJECT_VERSION = 1;
				DEVELOPMENT_TEAM = XZZ74444UP;
				GENERATE_INFOPLIST_FILE = YES;
				INFOPLIST_FILE = VGameKeeper/Info.plist;
				INFOPLIST_KEY_UIApplicationSupportsIndirectInputEvents = YES;
				INFOPLIST_KEY_UILaunchStoryboardName = LaunchScreen;
				INFOPLIST_KEY_UIMainStoryboardFile = Main;
				INFOPLIST_KEY_UISupportedInterfaceOrientations_iPad = "UIInterfaceOrientationPortrait UIInterfaceOrientationPortraitUpsideDown UIInterfaceOrientationLandscapeLeft UIInterfaceOrientationLandscapeRight";
				INFOPLIST_KEY_UISupportedInterfaceOrientations_iPhone = "UIInterfaceOrientationPortrait UIInterfaceOrientationLandscapeLeft UIInterfaceOrientationLandscapeRight";
				LD_RUNPATH_SEARCH_PATHS = (
					"$(inherited)",
					"@executable_path/Frameworks",
				);
				MARKETING_VERSION = 1.0;
				PRODUCT_BUNDLE_IDENTIFIER = com.mgl.VGameKeeper;
				PRODUCT_NAME = "$(TARGET_NAME)";
				SWIFT_EMIT_LOC_STRINGS = YES;
				SWIFT_VERSION = 5.0;
				TARGETED_DEVICE_FAMILY = "1,2";
			};
			name = Release;
		};
/* End XCBuildConfiguration section */

/* Begin XCConfigurationList section */
		8D2340C92A044578005A62A9 /* Build configuration list for PBXProject "VGameKeeper" */ = {
			isa = XCConfigurationList;
			buildConfigurations = (
				8D2340E32A044579005A62A9 /* Debug */,
				8D2340E42A044579005A62A9 /* Release */,
			);
			defaultConfigurationIsVisible = 0;
			defaultConfigurationName = Release;
		};
		8D2340E52A044579005A62A9 /* Build configuration list for PBXNativeTarget "VGameKeeper" */ = {
			isa = XCConfigurationList;
			buildConfigurations = (
				8D2340E62A044579005A62A9 /* Debug */,
				8D2340E72A044579005A62A9 /* Release */,
			);
			defaultConfigurationIsVisible = 0;
			defaultConfigurationName = Release;
		};
/* End XCConfigurationList section */

/* Begin XCVersionGroup section */
		8D2340DA2A044578005A62A9 /* VGameKeeper.xcdatamodeld */ = {
			isa = XCVersionGroup;
			children = (
				8D2340DB2A044578005A62A9 /* VGameKeeper.xcdatamodel */,
			);
			currentVersion = 8D2340DB2A044578005A62A9 /* VGameKeeper.xcdatamodel */;
			path = VGameKeeper.xcdatamodeld;
			sourceTree = "<group>";
			versionGroupType = wrapper.xcdatamodel;
		};
/* End XCVersionGroup section */
	};
	rootObject = 8D2340C62A044578005A62A9 /* Project object */;
}
